
Microsoft Visual Studio Solution File, Format Version 12.00
# Visual Studio Version 16
VisualStudioVersion = 16.0.32602.291
MinimumVisualStudioVersion = 10.0.40219.1
Project("{FAE04EC0-301F-11D3-BF4B-00C04F79EFBC}") = "WorkPermitManagement", "WorkPermitManagement\WorkPermitManagement.csproj", "{0435AE52-BE47-4D24-8690-7051A30C7E43}"
EndProject
Global
	GlobalSection(SolutionConfigurationPlatforms) = preSolution
		Debug|Any CPU = Debug|Any CPU
		Release|Any CPU = Release|Any CPU
	EndGlobalSection
	GlobalSection(ProjectConfigurationPlatforms) = postSolution
		{0435AE52-BE47-4D24-8690-7051A30C7E43}.Debug|Any CPU.ActiveCfg = Debug|Any CPU
		{0435AE52-BE47-4D24-8690-7051A30C7E43}.Debug|Any CPU.Build.0 = Debug|Any CPU
		{0435AE52-BE47-4D24-8690-7051A30C7E43}.Release|Any CPU.ActiveCfg = Release|Any CPU
		{0435AE52-BE47-4D24-8690-7051A30C7E43}.Release|Any CPU.Build.0 = Release|Any CPU
	EndGlobalSection
	GlobalSection(SolutionProperties) = preSolution
		HideSolutionNode = FALSE
	EndGlobalSection
	GlobalSection(ExtensibilityGlobals) = postSolution
		SolutionGuid = {120E7C54-FA2A-488C-AE27-0A9361E4E66A}
	EndGlobalSection
EndGlobal
